
Microsoft Visual Studio Solution File, Format Version 12.00
# Visual Studio Version 17
VisualStudioVersion = 17.10.35013.160
MinimumVisualStudioVersion = 10.0.40219.1
Project("{FAE04EC0-301F-11D3-BF4B-00C04F79EFBC}") = "PresentacionTiendaAdm", "PresentacionTienda\PresentacionTiendaAdm.csproj", "{F98D63B6-A8C2-49DE-B5AB-9CD6BF6A31A9}"
EndProject
Project("{FAE04EC0-301F-11D3-BF4B-00C04F79EFBC}") = "PresentacionTiendaClientee", "PresentacionTiendaClientee\PresentacionTiendaClientee.csproj", "{AF7CFE5B-A921-4384-8821-439B8050CAC2}"
EndProject
Project("{FAE04EC0-301F-11D3-BF4B-00C04F79EFBC}") = "DatosTienda", "DatosTienda\DatosTienda.csproj", "{F84066B4-2905-4DEF-AD2D-74E798A5C817}"
EndProject
Project("{FAE04EC0-301F-11D3-BF4B-00C04F79EFBC}") = "EntidadTienda", "EntidadTienda\EntidadTienda.csproj", "{EC0B4F6B-F37E-4015-9196-D34565046C78}"
EndProject
Project("{FAE04EC0-301F-11D3-BF4B-00C04F79EFBC}") = "NegocioTienda", "NegocioTienda\NegocioTienda.csproj", "{32D6D03F-EF30-4925-8E68-F250DD022C5D}"
EndProject
Global
	GlobalSection(SolutionConfigurationPlatforms) = preSolution
		Debug|Any CPU = Debug|Any CPU
		Release|Any CPU = Release|Any CPU
	EndGlobalSection
	GlobalSection(ProjectConfigurationPlatforms) = postSolution
		{F98D63B6-A8C2-49DE-B5AB-9CD6BF6A31A9}.Debug|Any CPU.ActiveCfg = Debug|Any CPU
		{F98D63B6-A8C2-49DE-B5AB-9CD6BF6A31A9}.Debug|Any CPU.Build.0 = Debug|Any CPU
		{F98D63B6-A8C2-49DE-B5AB-9CD6BF6A31A9}.Release|Any CPU.ActiveCfg = Release|Any CPU
		{F98D63B6-A8C2-49DE-B5AB-9CD6BF6A31A9}.Release|Any CPU.Build.0 = Release|Any CPU
		{AF7CFE5B-A921-4384-8821-439B8050CAC2}.Debug|Any CPU.ActiveCfg = Debug|Any CPU
		{AF7CFE5B-A921-4384-8821-439B8050CAC2}.Debug|Any CPU.Build.0 = Debug|Any CPU
		{AF7CFE5B-A921-4384-8821-439B8050CAC2}.Release|Any CPU.ActiveCfg = Release|Any CPU
		{AF7CFE5B-A921-4384-8821-439B8050CAC2}.Release|Any CPU.Build.0 = Release|Any CPU
		{F84066B4-2905-4DEF-AD2D-74E798A5C817}.Debug|Any CPU.ActiveCfg = Debug|Any CPU
		{F84066B4-2905-4DEF-AD2D-74E798A5C817}.Debug|Any CPU.Build.0 = Debug|Any CPU
		{F84066B4-2905-4DEF-AD2D-74E798A5C817}.Release|Any CPU.ActiveCfg = Release|Any CPU
		{F84066B4-2905-4DEF-AD2D-74E798A5C817}.Release|Any CPU.Build.0 = Release|Any CPU
		{EC0B4F6B-F37E-4015-9196-D34565046C78}.Debug|Any CPU.ActiveCfg = Debug|Any CPU
		{EC0B4F6B-F37E-4015-9196-D34565046C78}.Debug|Any CPU.Build.0 = Debug|Any CPU
		{EC0B4F6B-F37E-4015-9196-D34565046C78}.Release|Any CPU.ActiveCfg = Release|Any CPU
		{EC0B4F6B-F37E-4015-9196-D34565046C78}.Release|Any CPU.Build.0 = Release|Any CPU
		{32D6D03F-EF30-4925-8E68-F250DD022C5D}.Debug|Any CPU.ActiveCfg = Debug|Any CPU
		{32D6D03F-EF30-4925-8E68-F250DD022C5D}.Debug|Any CPU.Build.0 = Debug|Any CPU
		{32D6D03F-EF30-4925-8E68-F250DD022C5D}.Release|Any CPU.ActiveCfg = Release|Any CPU
		{32D6D03F-EF30-4925-8E68-F250DD022C5D}.Release|Any CPU.Build.0 = Release|Any CPU
	EndGlobalSection
	GlobalSection(SolutionProperties) = preSolution
		HideSolutionNode = FALSE
	EndGlobalSection
	GlobalSection(ExtensibilityGlobals) = postSolution
		SolutionGuid = {256AB76C-BB9B-47A5-A901-2151637CF27F}
	EndGlobalSection
EndGlobal
